PODS:
  - Alamofire (5.6.4)
  - HandyJSON (5.0.2)
  - Kingfisher (7.6.1)
  - SnapKit (5.6.0)
  - Toast-Swift (5.0.1)

DEPENDENCIES:
  - Alamofire
  - HandyJSON (~> 5.0.2)
  - Kingfisher (~> 7.0)
  - SnapKit (~> 5.6.0)
  - Toast-Swift (~> 5.0.1)

SPEC REPOS:
  trunk:
    - Alamofire
    - HandyJSON
    - Kingfisher
    - SnapKit
    - Toast-Swift

SPEC CHECKSUMS:
  Alamofire: 4e95d97098eacb88856099c4fc79b526a299e48c
  HandyJSON: 9e4e236f5d2dbefad5155a77417bbea438201c03
  Kingfisher: 93a3c6d0d551658a31e19f21747e1d15cb39d525
  SnapKit: e01d52ebb8ddbc333eefe2132acf85c8227d9c25
  Toast-Swift: 9b6a70f28b3bf0b96c40d46c0c4b9d6639846711

PODFILE CHECKSUM: 54158bf239ab3a4cc03fd11496cd547ab8d6597e

COCOAPODS: 1.10.1
